
Microsoft Visual Studio Solution File, Format Version 12.00
# Visual Studio Version 17
VisualStudioVersion = 17.6.33829.357
MinimumVisualStudioVersion = 10.0.40219.1
Project("{9A19103F-16F7-4668-BE54-9A1E7A4F7556}") = "Connect-A-PIC", "Connect-A-PIC.csproj", "{F70BE6F8-112E-45CB-9C51-09A8AD75C15A}"
EndProject
Project("{9A19103F-16F7-4668-BE54-9A1E7A4F7556}") = "UnitTests", "UnitTests\UnitTests.csproj", "{38E38AFA-CF5A-42D7-BCFE-196AE801328E}"
EndProject
Project("{9A19103F-16F7-4668-BE54-9A1E7A4F7556}") = "CAP-Core", "Connect-A-Pic-Core\CAP-Core.csproj", "{1CC753BE-8ADB-497F-84A8-94C45E54CA4A}"
EndProject
Project("{9A19103F-16F7-4668-BE54-9A1E7A4F7556}") = "CAP-DataAccess", "CAP-DataAccess\CAP-DataAccess.csproj", "{18E2C923-BB80-47DB-8F7B-B3BCE38CDD00}"
EndProject
Project("{FAE04EC0-301F-11D3-BF4B-00C04F79EFBC}") = "CAP_Contracts", "..\CAP_Contracts\CAP_Contracts.csproj", "{6692B104-0298-4F45-AF5E-5624DEF2DC6E}"
EndProject
Global
	GlobalSection(SolutionConfigurationPlatforms) = preSolution
		Debug|Any CPU = Debug|Any CPU
		ExportDebug|Any CPU = ExportDebug|Any CPU
		ExportRelease|Any CPU = ExportRelease|Any CPU
		Release|Any CPU = Release|Any CPU
	EndGlobalSection
	GlobalSection(ProjectConfigurationPlatforms) = postSolution
		{F70BE6F8-112E-45CB-9C51-09A8AD75C15A}.Debug|Any CPU.ActiveCfg = Debug|Any CPU
		{F70BE6F8-112E-45CB-9C51-09A8AD75C15A}.Debug|Any CPU.Build.0 = Debug|Any CPU
		{F70BE6F8-112E-45CB-9C51-09A8AD75C15A}.ExportDebug|Any CPU.ActiveCfg = ExportDebug|Any CPU
		{F70BE6F8-112E-45CB-9C51-09A8AD75C15A}.ExportDebug|Any CPU.Build.0 = ExportDebug|Any CPU
		{F70BE6F8-112E-45CB-9C51-09A8AD75C15A}.ExportRelease|Any CPU.ActiveCfg = ExportRelease|Any CPU
		{F70BE6F8-112E-45CB-9C51-09A8AD75C15A}.ExportRelease|Any CPU.Build.0 = ExportRelease|Any CPU
		{F70BE6F8-112E-45CB-9C51-09A8AD75C15A}.Release|Any CPU.ActiveCfg = ExportRelease|Any CPU
		{F70BE6F8-112E-45CB-9C51-09A8AD75C15A}.Release|Any CPU.Build.0 = ExportRelease|Any CPU
		{38E38AFA-CF5A-42D7-BCFE-196AE801328E}.Debug|Any CPU.ActiveCfg = Debug|Any CPU
		{38E38AFA-CF5A-42D7-BCFE-196AE801328E}.Debug|Any CPU.Build.0 = Debug|Any CPU
		{38E38AFA-CF5A-42D7-BCFE-196AE801328E}.ExportDebug|Any CPU.ActiveCfg = Debug|Any CPU
		{38E38AFA-CF5A-42D7-BCFE-196AE801328E}.ExportDebug|Any CPU.Build.0 = Debug|Any CPU
		{38E38AFA-CF5A-42D7-BCFE-196AE801328E}.ExportRelease|Any CPU.ActiveCfg = Release|Any CPU
		{38E38AFA-CF5A-42D7-BCFE-196AE801328E}.ExportRelease|Any CPU.Build.0 = Release|Any CPU
		{38E38AFA-CF5A-42D7-BCFE-196AE801328E}.Release|Any CPU.ActiveCfg = Release|Any CPU
		{38E38AFA-CF5A-42D7-BCFE-196AE801328E}.Release|Any CPU.Build.0 = Release|Any CPU
		{1CC753BE-8ADB-497F-84A8-94C45E54CA4A}.Debug|Any CPU.ActiveCfg = Debug|Any CPU
		{1CC753BE-8ADB-497F-84A8-94C45E54CA4A}.Debug|Any CPU.Build.0 = Debug|Any CPU
		{1CC753BE-8ADB-497F-84A8-94C45E54CA4A}.ExportDebug|Any CPU.ActiveCfg = Debug|Any CPU
		{1CC753BE-8ADB-497F-84A8-94C45E54CA4A}.ExportDebug|Any CPU.Build.0 = Debug|Any CPU
		{1CC753BE-8ADB-497F-84A8-94C45E54CA4A}.ExportRelease|Any CPU.ActiveCfg = Release|Any CPU
		{1CC753BE-8ADB-497F-84A8-94C45E54CA4A}.ExportRelease|Any CPU.Build.0 = Release|Any CPU
		{1CC753BE-8ADB-497F-84A8-94C45E54CA4A}.Release|Any CPU.ActiveCfg = Release|Any CPU
		{1CC753BE-8ADB-497F-84A8-94C45E54CA4A}.Release|Any CPU.Build.0 = Release|Any CPU
		{18E2C923-BB80-47DB-8F7B-B3BCE38CDD00}.Debug|Any CPU.ActiveCfg = Debug|Any CPU
		{18E2C923-BB80-47DB-8F7B-B3BCE38CDD00}.Debug|Any CPU.Build.0 = Debug|Any CPU
		{18E2C923-BB80-47DB-8F7B-B3BCE38CDD00}.ExportDebug|Any CPU.ActiveCfg = Debug|Any CPU
		{18E2C923-BB80-47DB-8F7B-B3BCE38CDD00}.ExportDebug|Any CPU.Build.0 = Debug|Any CPU
		{18E2C923-BB80-47DB-8F7B-B3BCE38CDD00}.ExportRelease|Any CPU.ActiveCfg = Release|Any CPU
		{18E2C923-BB80-47DB-8F7B-B3BCE38CDD00}.ExportRelease|Any CPU.Build.0 = Release|Any CPU
		{18E2C923-BB80-47DB-8F7B-B3BCE38CDD00}.Release|Any CPU.ActiveCfg = Release|Any CPU
		{18E2C923-BB80-47DB-8F7B-B3BCE38CDD00}.Release|Any CPU.Build.0 = Release|Any CPU
		{6692B104-0298-4F45-AF5E-5624DEF2DC6E}.Debug|Any CPU.ActiveCfg = Debug|Any CPU
		{6692B104-0298-4F45-AF5E-5624DEF2DC6E}.Debug|Any CPU.Build.0 = Debug|Any CPU
		{6692B104-0298-4F45-AF5E-5624DEF2DC6E}.ExportDebug|Any CPU.ActiveCfg = Debug|Any CPU
		{6692B104-0298-4F45-AF5E-5624DEF2DC6E}.ExportDebug|Any CPU.Build.0 = Debug|Any CPU
		{6692B104-0298-4F45-AF5E-5624DEF2DC6E}.ExportRelease|Any CPU.ActiveCfg = Release|Any CPU
		{6692B104-0298-4F45-AF5E-5624DEF2DC6E}.ExportRelease|Any CPU.Build.0 = Release|Any CPU
		{6692B104-0298-4F45-AF5E-5624DEF2DC6E}.Release|Any CPU.ActiveCfg = Release|Any CPU
		{6692B104-0298-4F45-AF5E-5624DEF2DC6E}.Release|Any CPU.Build.0 = Release|Any CPU
	EndGlobalSection
	GlobalSection(SolutionProperties) = preSolution
		HideSolutionNode = FALSE
	EndGlobalSection
	GlobalSection(ExtensibilityGlobals) = postSolution
		SolutionGuid = {2B70C013-47CF-4713-82B5-02E1EAAA663F}
	EndGlobalSection
EndGlobal
